{
    "hash": "1436c20a6d3e88cf830a5ed8934cb56c",
    "packages": [
        {
            "name": "hybridauth/hybridauth",
            "version": "dev-hotfix/session-key-test",
            "source": {
                "type": "git",
                "url": "https://github.com/weierophinney/hybridauth",
                "reference": "31b58de3db6fd5d3d0ae4eeca56724b253e214f3"
            },
            "dist": {
                "type": "zip",
                "url": "https://github.com/weierophinney/hybridauth/archive/31b58de3db6fd5d3d0ae4eeca56724b253e214f3.zip",
                "reference": "31b58de3db6fd5d3d0ae4eeca56724b253e214f3",
                "shasum": ""
            },
            "require": {
                "php": ">=5.2.0",
                "ext-curl": "*"
            },
            "time": "1355336724",
            "type": "library",
            "installation-source": "source",
            "autoload": {
                "psr-0": {
                    "Hybrid": "hybridauth/"
                }
            },
            "license": [
                "(MIT or GPL-3.0+)"
            ],
            "authors": [
                {
                    "name": "Miled",
                    "email": "hybridauth@gmail.com"
                }
            ],
            "description": "Open source social sign on PHP library.",
            "homepage": "http://hybridauth.sourceforge.net",
            "keywords": [
                "hybridauth",
                "login",
                "oauth",
                "social",
                "openid",
                "facebook",
                "google",
                "twitter",
                "yahoo"
            ],
            "support": {
                "email": "hybridauth@gmail.com",
                "forum": "https://groups.google.com/d/forum/hybridauth",
                "issues": "https://github.com/hybridauth/hybridauth/issues",
                "source": "https://github.com/weierophinney/hybridauth/tree/hotfix/session-key-test"
            }
        },
        {
            "name": "phly/phly-blog",
            "version": "dev-master",
            "source": {
                "type": "git",
                "url": "https://github.com/weierophinney/PhlyBlog",
                "reference": "48937193596cee6ec8aa9fe6800be6d19b814edd"
            },
            "dist": {
                "type": "zip",
                "url": "https://github.com/weierophinney/PhlyBlog/archive/48937193596cee6ec8aa9fe6800be6d19b814edd.zip",
                "reference": "48937193596cee6ec8aa9fe6800be6d19b814edd",
                "shasum": ""
            },
            "require": {
                "php": ">=5.3.3",
                "phly/phly-common": "dev-master",
                "zendframework/zendframework": "2.*"
            },
            "time": "1348684380",
            "type": "library",
            "installation-source": "source",
            "autoload": {
                "psr-0": {
                    "PhlyBlog": "src/"
                },
                "classmap": [
                    "./"
                ]
            },
            "authors": [
                {
                    "name": "Matthew Weier O'Phinney",
                    "email": "matthew@weierophinney.net",
                    "homepage": "http://mwop.net/"
                }
            ],
            "description": "ZF2 Module implementing a static blog generator",
            "homepage": "https://github.com/weierophinney/PhlyBlog",
            "keywords": [
                "blog",
                "zend",
                "zf2",
                "module"
            ]
        },
        {
            "name": "phly/phly-common",
            "version": "dev-master",
            "source": {
                "type": "git",
                "url": "https://github.com/weierophinney/PhlyCommon",
                "reference": "2.0.0beta5"
            },
            "dist": {
                "type": "zip",
                "url": "https://github.com/weierophinney/PhlyCommon/zipball/2.0.0beta5",
                "reference": "2.0.0beta5",
                "shasum": ""
            },
            "require": {
                "php": ">=5.3.3",
                "zendframework/zendframework": "dev-master"
            },
            "time": "1342210205",
            "type": "library",
            "installation-source": "source",
            "autoload": {
                "psr-0": {
                    "PhlyCommon": "src/"
                },
                "classmap": [
                    "./"
                ]
            },
            "authors": [
                {
                    "name": "Matthew Weier O'Phinney",
                    "email": "matthew@weierophinney.net",
                    "homepage": "http://mwop.net/",
                    "role": null
                }
            ],
            "description": "A set of interfaces and generic classes used across various Phly modules.",
            "homepage": "https://github.com/weierophinney/PhlyCommon",
            "keywords": [
                "zend",
                "zf2",
                "module"
            ]
        },
        {
            "name": "phly/phly-contact",
            "version": "dev-master",
            "source": {
                "type": "git",
                "url": "https://github.com/weierophinney/PhlyContact",
                "reference": "337cefe68214902e7a88f365c6c8601c6eee7e2b"
            },
            "dist": {
                "type": "zip",
                "url": "https://github.com/weierophinney/PhlyContact/zipball/337cefe68214902e7a88f365c6c8601c6eee7e2b",
                "reference": "337cefe68214902e7a88f365c6c8601c6eee7e2b",
                "shasum": ""
            },
            "require": {
                "php": ">=5.3.3",
                "zendframework/zendframework": "2.*"
            },
            "time": "1347664585",
            "type": "library",
            "installation-source": "source",
            "autoload": {
                "psr-0": {
                    "PhlyContact": "src/"
                },
                "classmap": [
                    "./"
                ]
            },
            "authors": [
                {
                    "name": "Matthew Weier O'Phinney",
                    "email": "matthew@weierophinney.net",
                    "homepage": "http://mwop.net/"
                }
            ],
            "description": "ZF2 Module implementing contact form functionality",
            "homepage": "https://github.com/weierophinney/PhlyContact",
            "keywords": [
                "zend",
                "zf2",
                "module"
            ]
        },
        {
            "name": "phly/phly-simple-page",
            "version": "dev-master",
            "source": {
                "type": "git",
                "url": "https://github.com/weierophinney/PhlySimplePage",
                "reference": "f78ba8e42794289b2fb9253e272c802690d0a1f3"
            },
            "dist": {
                "type": "zip",
                "url": "https://github.com/weierophinney/PhlySimplePage/archive/f78ba8e42794289b2fb9253e272c802690d0a1f3.zip",
                "reference": "f78ba8e42794289b2fb9253e272c802690d0a1f3",
                "shasum": ""
            },
            "require": {
                "php": ">=5.3.3",
                "zendframework/zend-eventmanager": "2.*",
                "zendframework/zend-http": "2.*",
                "zendframework/zend-mvc": "2.*",
                "zendframework/zend-stdlib": "2.*",
                "zendframework/zend-view": "2.*"
            },
            "time": "1355331949",
            "type": "library",
            "installation-source": "source",
            "autoload": {
                "psr-0": {
                    "PhlySimplePage\\": "src/",
                    "PhlySimplePageTest\\": "test/"
                },
                "classmap": [
                    "./"
                ]
            },
            "authors": [
                {
                    "name": "Matthew Weier O'Phinney",
                    "email": "matthew@weierophinney.net",
                    "homepage": "http://mwop.net/"
                }
            ],
            "description": "ZF2 Module for easily creating static pages",
            "homepage": "https://github.com/weierophinney/PhlySimplePage",
            "keywords": [
                "zend",
                "zf2",
                "module"
            ]
        },
        {
            "name": "socalnick/scn-social-auth",
            "version": "dev-master",
            "source": {
                "type": "git",
                "url": "https://github.com/SocalNick/ScnSocialAuth",
                "reference": "1.3.0"
            },
            "dist": {
                "type": "zip",
                "url": "https://github.com/SocalNick/ScnSocialAuth/archive/1.3.0.zip",
                "reference": "1.3.0",
                "shasum": ""
            },
            "require": {
                "php": ">=5.3.3",
                "zf-commons/zfc-base": "dev-master",
                "zf-commons/zfc-user": "dev-master",
                "zendframework/zendframework": "2.*",
                "hybridauth/hybridauth": "dev-master"
            },
            "time": "1355291392",
            "type": "library",
            "installation-source": "source",
            "autoload": {
                "psr-0": {
                    "ScnSocialAuth": "src/"
                },
                "classmap": [
                    "./"
                ]
            },
            "authors": [
                {
                    "name": "Nicholas Calugar",
                    "email": "njcalugar@gmail.com",
                    "homepage": "http://socalnick.github.com/",
                    "role": "Developer"
                }
            ],
            "description": "Uses the HybridAuth PHP library to Enable authentication via Google, Facebook, Twitter, Yahoo!, etc for the ZfcUser ZF2 module.",
            "homepage": "https://github.com/SocalNick/ScnSocialAuth",
            "keywords": [
                "zf2"
            ]
        },
        {
            "name": "zendframework/zend-version",
            "version": "2.0.5",
            "target-dir": "Zend/Version",
            "dist": {
                "type": "zip",
                "url": "http://packages.zendframework.com/composer/Zend_Version-2.0.5.zip",
                "reference": null,
                "shasum": null
            },
            "require": {
                "php": ">=5.3.3"
            },
            "type": "library",
            "installation-source": "dist",
            "autoload": {
                "psr-0": {
                    "Zend\\Version\\": ""
                }
            },
            "license": [
                "BSD-3-Clause"
            ],
            "description": " ",
            "homepage": "http://packages.zendframework.com/",
            "keywords": [
                "zf2",
                "version"
            ],
            "support": {
                "email": "fw-general-subscribe@lists.zend.com",
                "irc": "irc://irc.freenode.net/zftalk",
                "issues": "https://github.com/zendframework/zf2/issues",
                "source": "https://github.com/zendframework/zf2"
            }
        },
        {
            "name": "zendframework/zendframework",
            "version": "dev-master",
            "source": {
                "type": "git",
                "url": "git://github.com/zendframework/zf2.git",
                "reference": "8ff0dee87f2bc33cc970b516e2f7ba5f662e38aa"
            },
            "dist": {
                "type": "zip",
                "url": "https://github.com/zendframework/zf2/zipball/master",
                "reference": null,
                "shasum": null
            },
            "require": {
                "php": ">=5.3.3"
            },
            "replace": {
                "zendframework/zend-acl": "self.version",
                "zendframework/zend-authentication": "self.version",
                "zendframework/zend-barcode": "self.version",
                "zendframework/zend-cache": "self.version",
                "zendframework/zend-captcha": "self.version",
                "zendframework/zend-code": "self.version",
                "zendframework/zend-config": "self.version",
                "zendframework/zend-console": "self.version",
                "zendframework/zend-crypt": "self.version",
                "zendframework/zend-db": "self.version",
                "zendframework/zend-di": "self.version",
                "zendframework/zend-dom": "self.version",
                "zendframework/zend-escaper": "self.version",
                "zendframework/zend-eventmanager": "self.version",
                "zendframework/zend-feed": "self.version",
                "zendframework/zend-file": "self.version",
                "zendframework/zend-filter": "self.version",
                "zendframework/zend-form": "self.version",
                "zendframework/zend-http": "self.version",
                "zendframework/zend-i18n": "self.version",
                "zendframework/zend-inputfilter": "self.version",
                "zendframework/zend-json": "self.version",
                "zendframework/zend-ldap": "self.version",
                "zendframework/zend-loader": "self.version",
                "zendframework/zend-log": "self.version",
                "zendframework/zend-mail": "self.version",
                "zendframework/zend-markup": "self.version",
                "zendframework/zend-math": "self.version",
                "zendframework/zend-memory": "self.version",
                "zendframework/zend-mime": "self.version",
                "zendframework/zend-modulemanager": "self.version",
                "zendframework/zend-mvc": "self.version",
                "zendframework/zend-navigation": "self.version",
                "zendframework/zend-paginator": "self.version",
                "zendframework/zend-progressbar": "self.version",
                "zendframework/zend-serializer": "self.version",
                "zendframework/zend-server": "self.version",
                "zendframework/zend-servicemanager": "self.version",
                "zendframework/zend-session": "self.version",
                "zendframework/zend-soap": "self.version",
                "zendframework/zend-stdlib": "self.version",
                "zendframework/zend-tag": "self.version",
                "zendframework/zend-text": "self.version",
                "zendframework/zend-uri": "self.version",
                "zendframework/zend-validator": "self.version",
                "zendframework/zend-view": "self.version",
                "zendframework/zend-xmlrpc": "self.version"
            },
            "require-dev": {
                "doctrine/common": ">=2.1"
            },
            "suggest": {
                "doctrine/common": "Doctrine\\Common >=2.1 for annotation features",
                "ext-intl": "ext/intl for i18n features",
                "pecl-weakref": "Implementation of weak references for Zend\\Stdlib\\CallbackHandler",
                "zendframework/zendpdf": "ZendPdf for creating PDF representations of barcodes",
                "zendframework/zendservice-recaptcha": "ZendService\\ReCaptcha for rendering ReCaptchas in Zend\\Captcha and/or Zend\\Form"
            },
            "type": "library",
            "extra": {
                "branch-alias": {
                    "dev-master": "2.0.x-dev"
                }
            },
            "installation-source": "source",
            "autoload": {
                "psr-0": {
                    "Zend\\": "library/",
                    "ZendTest\\": "tests/"
                }
            },
            "license": [
                "BSD-3-Clause"
            ],
            "description": "Zend Framework 2",
            "keywords": [
                "framework",
                "zf2"
            ],
            "support": {
                "email": "fw-general-subscribe@lists.zend.com",
                "irc": "irc://irc.freenode.net/zftalk",
                "issues": "https://github.com/zendframework/zf2/issues",
                "source": "https://github.com/zendframework/zf2"
            },
            "time": "1354308671"
        },
        {
            "name": "zendframework/zendservice-recaptcha",
            "version": "2.0.1",
            "dist": {
                "type": "zip",
                "url": "http://packages.zendframework.com/composer/ZendService_ReCaptcha-2.0.1.zip",
                "reference": null,
                "shasum": null
            },
            "require": {
                "php": ">=5.3.3",
                "zendframework/zend-http": ">=2.0.0",
                "zendframework/zend-uri": ">=2.0.0",
                "zendframework/zend-version": ">=2.0.0"
            },
            "type": "library",
            "extra": {
                "branch-alias": {
                    "dev-master": "2.0.x-dev"
                }
            },
            "installation-source": "dist",
            "autoload": {
                "psr-0": {
                    "ZendService": "library/"
                }
            },
            "license": [
                "BSD-3-Clause"
            ],
            "description": "OOP wrapper for the ReCaptcha web service",
            "homepage": "http://packages.zendframework.com/",
            "keywords": [
                "zf2",
                "recaptcha"
            ]
        },
        {
            "name": "zf-commons/zfc-base",
            "version": "dev-master",
            "source": {
                "type": "git",
                "url": "git://github.com/ZF-Commons/ZfcBase.git",
                "reference": "38990ad5f51002dd271ab676b90a3d59728190e2"
            },
            "dist": {
                "type": "zip",
                "url": "https://github.com/ZF-Commons/ZfcBase/archive/38990ad5f51002dd271ab676b90a3d59728190e2.zip",
                "reference": "38990ad5f51002dd271ab676b90a3d59728190e2",
                "shasum": ""
            },
            "require": {
                "php": ">=5.3.3",
                "zendframework/zendframework": "2.*"
            },
            "time": "1351100548",
            "type": "library",
            "installation-source": "source",
            "autoload": {
                "psr-0": {
                    "ZfcBase": "src/"
                },
                "classmap": [
                    "./Module.php"
                ]
            },
            "authors": [
                {
                    "name": "Kyle Spraggs",
                    "email": "theman@spiffyjr.me",
                    "homepage": "http://www.spiffyjr.me/"
                },
                {
                    "name": "Evan Coury",
                    "email": "me@evancoury.com",
                    "homepage": "http://blog.evan.pro/"
                }
            ],
            "description": "A set of genetic (abstract) classes which are commonly used across multiple modules.",
            "homepage": "https://github.com/ZF-Commons/ZfcBase",
            "keywords": [
                "zf2"
            ]
        },
        {
            "name": "zf-commons/zfc-user",
            "version": "dev-master",
            "source": {
                "type": "git",
                "url": "git://github.com/ZF-Commons/ZfcUser.git",
                "reference": "18c4fc2e71a53b558e1feec51c9c5fb10a070188"
            },
            "dist": {
                "type": "zip",
                "url": "https://github.com/ZF-Commons/ZfcUser/archive/18c4fc2e71a53b558e1feec51c9c5fb10a070188.zip",
                "reference": "18c4fc2e71a53b558e1feec51c9c5fb10a070188",
                "shasum": ""
            },
            "require": {
                "php": ">=5.3.3",
                "zf-commons/zfc-base": "dev-master",
                "zendframework/zendframework": "2.*"
            },
            "time": "1355010566",
            "type": "library",
            "installation-source": "source",
            "autoload": {
                "psr-0": {
                    "ZfcUser": "src/"
                },
                "classmap": [
                    "./Module.php"
                ]
            },
            "authors": [
                {
                    "name": "Kyle Spraggs",
                    "email": "theman@spiffyjr.me",
                    "homepage": "http://www.spiffyjr.me/"
                },
                {
                    "name": "Evan Coury",
                    "email": "me@evancoury.com",
                    "homepage": "http://blog.evan.pro/"
                }
            ],
            "description": "A generic user registration and authentication module for ZF2. Supports Zend\\Db and Doctrine2.",
            "homepage": "https://github.com/ZF-Commons/ZfcUser",
            "keywords": [
                "zf2"
            ]
        }
    ],
    "packages-dev": null,
    "aliases": [
        {
            "alias": "dev-master",
            "alias_normalized": "9999999-dev",
            "version": "dev-hotfix/session-key-test",
            "package": "hybridauth/hybridauth"
        }
    ],
    "minimum-stability": "dev",
    "stability-flags": {
        "phly/phly-blog": 20,
        "phly/phly-contact": 20,
        "phly/phly-simple-page": 20,
        "socalnick/scn-social-auth": 20,
        "hybridauth/hybridauth": 20
    }
}
