{
    "hash": "83ad8be9addcba16774bc15bfcc13778",
    "packages": [
        {
            "package": "phly/phly-blog",
            "version": "dev-master",
            "source-reference": "c2a3dc21b2f332dea5c17040156c1134336b9279",
            "commit-date": "1338400228"
        },
        {
            "package": "phly/phly-common",
            "version": "dev-master",
            "source-reference": "743045cdfa69e051da97bf8c97277f047fc91aac",
            "commit-date": "1338399803"
        },
        {
            "package": "phly/phly-contact",
            "version": "dev-master",
            "source-reference": "2.0.0beta5",
            "commit-date": "1342209489"
        },
        {
            "package": "zendframework/zendframework",
            "version": "dev-master",
            "source-reference": "6220c1f5298cb735551c2b1023996368c4615c4a",
            "commit-date": "1342202904"
        },
        {
            "package": "zf-commons/zfc-base",
            "version": "dev-master",
            "source-reference": "1676e2abadde922741b53e58f4969dd81a41a366",
            "commit-date": "1342033549"
        },
        {
            "package": "zf-commons/zfc-user",
            "version": "dev-master",
            "source-reference": "de6bfcaf7fe3a79706b44e1fe7c16e59356bef58",
            "commit-date": "1342033629"
        }
    ],
    "packages-dev": null,
    "aliases": [

    ],
    "minimum-stability": "stable",
    "stability-flags": {
        "phly/phly-blog": 20,
        "phly/phly-contact": 20,
        "zf-commons/zfc-user": 20
    }
}
