{
    "_readme": [
        "This file locks the dependencies of your project to a known state",
        "Read more about it at http://getcomposer.org/doc/01-basic-usage.md#composer-lock-the-lock-file"
    ],
    "hash": "fcbd26b098f0a21e8e157535675a49f3",
    "packages": [
        {
            "name": "hybridauth/hybridauth",
            "version": "dev-hotfix/session-key-test",
            "source": {
                "type": "git",
                "url": "https://github.com/weierophinney/hybridauth",
                "reference": "31b58de3db6fd5d3d0ae4eeca56724b253e214f3"
            },
            "dist": {
                "type": "zip",
                "url": "https://api.github.com/repos/weierophinney/hybridauth/zipball/31b58de3db6fd5d3d0ae4eeca56724b253e214f3",
                "reference": "31b58de3db6fd5d3d0ae4eeca56724b253e214f3",
                "shasum": ""
            },
            "require": {
                "ext-curl": "*",
                "php": ">=5.2.0"
            },
            "type": "library",
            "autoload": {
                "psr-0": {
                    "Hybrid": "hybridauth/"
                }
            },
            "license": [
                "(MIT or GPL-3.0+)"
            ],
            "authors": [
                {
                    "name": "Miled",
                    "email": "hybridauth@gmail.com"
                }
            ],
            "description": "Open source social sign on PHP library.",
            "homepage": "http://hybridauth.sourceforge.net",
            "keywords": [
                "facebook",
                "google",
                "hybridauth",
                "login",
                "oauth",
                "openid",
                "social",
                "twitter",
                "yahoo"
            ],
            "support": {
                "email": "hybridauth@gmail.com",
                "forum": "https://groups.google.com/d/forum/hybridauth",
                "issues": "https://github.com/hybridauth/hybridauth/issues",
                "source": "https://github.com/weierophinney/hybridauth/tree/hotfix/session-key-test"
            },
            "time": "2012-12-12 18:25:24"
        },
        {
            "name": "phly/phly-blog",
            "version": "dev-master",
            "source": {
                "type": "git",
                "url": "https://github.com/weierophinney/PhlyBlog.git",
                "reference": "b4d54c29a3dfd25d6e4116819f99f00458ede105"
            },
            "dist": {
                "type": "zip",
                "url": "https://api.github.com/repos/weierophinney/PhlyBlog/zipball/b4d54c29a3dfd25d6e4116819f99f00458ede105",
                "reference": "b4d54c29a3dfd25d6e4116819f99f00458ede105",
                "shasum": ""
            },
            "require": {
                "phly/phly-common": "dev-master",
                "php": ">=5.3.3",
                "zendframework/zendframework": "2.*"
            },
            "type": "library",
            "autoload": {
                "psr-0": {
                    "PhlyBlog": "src/"
                },
                "classmap": [
                    "./"
                ]
            },
            "notification-url": "https://packagist.org/downloads/",
            "authors": [
                {
                    "name": "Matthew Weier O'Phinney",
                    "email": "matthew@weierophinney.net",
                    "homepage": "http://mwop.net/"
                }
            ],
            "description": "ZF2 Module implementing a static blog generator",
            "homepage": "https://github.com/weierophinney/PhlyBlog",
            "keywords": [
                "blog",
                "module",
                "zend",
                "zf2"
            ],
            "time": "2013-05-06 11:47:58"
        },
        {
            "name": "phly/phly-common",
            "version": "dev-master",
            "source": {
                "type": "git",
                "url": "https://github.com/weierophinney/PhlyCommon",
                "reference": "51dd4751e516db0b7e216084a84ae9207176c5c4"
            },
            "dist": {
                "type": "zip",
                "url": "https://api.github.com/repos/weierophinney/PhlyCommon/zipball/51dd4751e516db0b7e216084a84ae9207176c5c4",
                "reference": "51dd4751e516db0b7e216084a84ae9207176c5c4",
                "shasum": ""
            },
            "require": {
                "php": ">=5.3.3",
                "zendframework/zendframework": "2.*"
            },
            "type": "library",
            "autoload": {
                "psr-0": {
                    "PhlyCommon": "src/"
                },
                "classmap": [
                    "./"
                ]
            },
            "notification-url": "https://packagist.org/downloads/",
            "authors": [
                {
                    "name": "Matthew Weier O'Phinney",
                    "email": "matthew@weierophinney.net",
                    "homepage": "http://mwop.net/"
                }
            ],
            "description": "A set of interfaces and generic classes used across various Phly modules.",
            "homepage": "https://github.com/weierophinney/PhlyCommon",
            "keywords": [
                "module",
                "zend",
                "zf2"
            ],
            "time": "2013-02-07 12:36:33"
        },
        {
            "name": "phly/phly-contact",
            "version": "dev-master",
            "source": {
                "type": "git",
                "url": "https://github.com/weierophinney/PhlyContact",
                "reference": "337cefe68214902e7a88f365c6c8601c6eee7e2b"
            },
            "dist": {
                "type": "zip",
                "url": "https://api.github.com/repos/weierophinney/PhlyContact/zipball/337cefe68214902e7a88f365c6c8601c6eee7e2b",
                "reference": "337cefe68214902e7a88f365c6c8601c6eee7e2b",
                "shasum": ""
            },
            "require": {
                "php": ">=5.3.3",
                "zendframework/zendframework": "2.*"
            },
            "type": "library",
            "autoload": {
                "psr-0": {
                    "PhlyContact": "src/"
                },
                "classmap": [
                    "./"
                ]
            },
            "notification-url": "https://packagist.org/downloads/",
            "authors": [
                {
                    "name": "Matthew Weier O'Phinney",
                    "email": "matthew@weierophinney.net",
                    "homepage": "http://mwop.net/"
                }
            ],
            "description": "ZF2 Module implementing contact form functionality",
            "homepage": "https://github.com/weierophinney/PhlyContact",
            "keywords": [
                "module",
                "zend",
                "zf2"
            ],
            "time": "2012-09-14 23:16:25"
        },
        {
            "name": "phly/phly-simple-page",
            "version": "dev-master",
            "source": {
                "type": "git",
                "url": "https://github.com/weierophinney/PhlySimplePage.git",
                "reference": "3840a24c66f51c4a7ce451d5f76f6298776ee480"
            },
            "dist": {
                "type": "zip",
                "url": "https://api.github.com/repos/weierophinney/PhlySimplePage/zipball/3840a24c66f51c4a7ce451d5f76f6298776ee480",
                "reference": "3840a24c66f51c4a7ce451d5f76f6298776ee480",
                "shasum": ""
            },
            "require": {
                "php": ">=5.3.3",
                "zendframework/zend-console": "2.*",
                "zendframework/zend-eventmanager": "2.*",
                "zendframework/zend-http": "2.*",
                "zendframework/zend-mvc": "2.*",
                "zendframework/zend-stdlib": "2.*",
                "zendframework/zend-view": "2.*"
            },
            "require-dev": {
                "zendframework/zend-servicemanager": "2.*"
            },
            "type": "library",
            "autoload": {
                "psr-0": {
                    "PhlySimplePage\\": "src/",
                    "PhlySimplePageTest\\": "test/"
                },
                "classmap": [
                    "./"
                ]
            },
            "notification-url": "https://packagist.org/downloads/",
            "authors": [
                {
                    "name": "Matthew Weier O'Phinney",
                    "email": "matthew@weierophinney.net",
                    "homepage": "http://mwop.net/"
                }
            ],
            "description": "ZF2 Module for easily creating static pages",
            "homepage": "https://github.com/weierophinney/PhlySimplePage",
            "keywords": [
                "module",
                "zend",
                "zf2"
            ],
            "time": "2013-04-29 13:00:12"
        },
        {
            "name": "socalnick/scn-social-auth",
            "version": "dev-master",
            "source": {
                "type": "git",
                "url": "https://github.com/SocalNick/ScnSocialAuth.git",
                "reference": "4707ac54c1969302509c3c55d6f5927940871cbd"
            },
            "dist": {
                "type": "zip",
                "url": "https://api.github.com/repos/SocalNick/ScnSocialAuth/zipball/4707ac54c1969302509c3c55d6f5927940871cbd",
                "reference": "4707ac54c1969302509c3c55d6f5927940871cbd",
                "shasum": ""
            },
            "require": {
                "hybridauth/hybridauth": "dev-master",
                "php": ">=5.3.3",
                "zendframework/zendframework": "2.*",
                "zf-commons/zfc-base": "0.*",
                "zf-commons/zfc-user": "0.*"
            },
            "require-dev": {
                "mockery/mockery": ">=0.7.2"
            },
            "type": "library",
            "autoload": {
                "psr-0": {
                    "ScnSocialAuth": "src/",
                    "ScnSocialAuthTest": "test/"
                },
                "classmap": [
                    "./"
                ]
            },
            "notification-url": "https://packagist.org/downloads/",
            "authors": [
                {
                    "name": "Nicholas Calugar",
                    "email": "njcalugar@gmail.com",
                    "homepage": "http://socalnick.github.com/",
                    "role": "Developer"
                }
            ],
            "description": "Uses the HybridAuth PHP library to Enable authentication via Google, Facebook, Twitter, Yahoo!, etc for the ZfcUser ZF2 module.",
            "homepage": "https://github.com/SocalNick/ScnSocialAuth",
            "keywords": [
                "zf2"
            ],
            "time": "2013-04-30 04:26:21"
        },
        {
            "name": "zendframework/zendframework",
            "version": "dev-master",
            "source": {
                "type": "git",
                "url": "https://github.com/zendframework/zf2.git",
                "reference": "23bb49413fa9d3088fe8653a618d48511a91ae0e"
            },
            "dist": {
                "type": "zip",
                "url": "https://packages.zendframework.com/composer/zendframework-zendframework-23bb49413fa9d3088fe8653a618d48511a91ae0e-zip-e72187.zip",
                "reference": "dev-master",
                "shasum": "eb5d694961a627420293f3d1ef2236d2314ea3d6"
            },
            "require": {
                "php": ">=5.3.3"
            },
            "replace": {
                "zendframework/zend-authentication": "self.version",
                "zendframework/zend-barcode": "self.version",
                "zendframework/zend-cache": "self.version",
                "zendframework/zend-captcha": "self.version",
                "zendframework/zend-code": "self.version",
                "zendframework/zend-config": "self.version",
                "zendframework/zend-console": "self.version",
                "zendframework/zend-crypt": "self.version",
                "zendframework/zend-db": "self.version",
                "zendframework/zend-debug": "self.version",
                "zendframework/zend-di": "self.version",
                "zendframework/zend-dom": "self.version",
                "zendframework/zend-escaper": "self.version",
                "zendframework/zend-eventmanager": "self.version",
                "zendframework/zend-feed": "self.version",
                "zendframework/zend-file": "self.version",
                "zendframework/zend-filter": "self.version",
                "zendframework/zend-form": "self.version",
                "zendframework/zend-http": "self.version",
                "zendframework/zend-i18n": "self.version",
                "zendframework/zend-inputfilter": "self.version",
                "zendframework/zend-json": "self.version",
                "zendframework/zend-ldap": "self.version",
                "zendframework/zend-loader": "self.version",
                "zendframework/zend-log": "self.version",
                "zendframework/zend-mail": "self.version",
                "zendframework/zend-math": "self.version",
                "zendframework/zend-memory": "self.version",
                "zendframework/zend-mime": "self.version",
                "zendframework/zend-modulemanager": "self.version",
                "zendframework/zend-mvc": "self.version",
                "zendframework/zend-navigation": "self.version",
                "zendframework/zend-paginator": "self.version",
                "zendframework/zend-permissions-acl": "self.version",
                "zendframework/zend-permissions-rbac": "self.version",
                "zendframework/zend-progressbar": "self.version",
                "zendframework/zend-serializer": "self.version",
                "zendframework/zend-server": "self.version",
                "zendframework/zend-servicemanager": "self.version",
                "zendframework/zend-session": "self.version",
                "zendframework/zend-soap": "self.version",
                "zendframework/zend-stdlib": "self.version",
                "zendframework/zend-tag": "self.version",
                "zendframework/zend-test": "self.version",
                "zendframework/zend-text": "self.version",
                "zendframework/zend-uri": "self.version",
                "zendframework/zend-validator": "self.version",
                "zendframework/zend-version": "self.version",
                "zendframework/zend-view": "self.version",
                "zendframework/zend-xmlrpc": "self.version"
            },
            "require-dev": {
                "doctrine/annotations": ">=1.0",
                "ircmaxell/random-lib": "dev-master",
                "ircmaxell/security-lib": "dev-master",
                "ocramius/proxy-manager": "0.3.*",
                "phpunit/phpunit": "3.7.*"
            },
            "suggest": {
                "doctrine/annotations": "Doctrine Annotations >=1.0 for annotation features",
                "ext-intl": "ext/intl for i18n features (included in default builds of PHP)",
                "ircmaxell/random-lib": "Fallback random byte generator for Zend\\Math\\Rand if OpenSSL/Mcrypt extensions are unavailable",
                "ocramius/proxy-manager": "ProxyManager to handle lazy initialization of services",
                "zendframework/zendpdf": "ZendPdf for creating PDF representations of barcodes",
                "zendframework/zendservice-recaptcha": "ZendService\\ReCaptcha for rendering ReCaptchas in Zend\\Captcha and/or Zend\\Form"
            },
            "bin": [
                "bin/classmap_generator.php"
            ],
            "type": "library",
            "extra": {
                "branch-alias": {
                    "dev-master": "2.2-dev",
                    "dev-develop": "2.3-dev"
                }
            },
            "autoload": {
                "psr-0": {
                    "Zend\\": "library/",
                    "ZendTest\\": "tests/"
                }
            },
            "license": [
                "BSD-3-Clause"
            ],
            "description": "Zend Framework 2",
            "homepage": "http://framework.zend.com/",
            "keywords": [
                "framework",
                "zf2"
            ],
            "support": {
                "source": "https://github.com/zendframework/zf2/tree/master",
                "issues": "https://github.com/zendframework/zf2/issues"
            },
            "time": "2013-05-10 11:08:12"
        },
        {
            "name": "zendframework/zendservice-recaptcha",
            "version": "dev-master",
            "source": {
                "type": "git",
                "url": "https://github.com/zendframework/ZendService_ReCaptcha.git",
                "reference": "f77367b79fed0b043eef18e59cae607b47b1c3e2"
            },
            "dist": {
                "type": "zip",
                "url": "https://packages.zendframework.com/composer/zendframework-zendservice-recaptcha-f77367b79fed0b043eef18e59cae607b47b1c3e2-zip-da3fb0.zip",
                "reference": "dev-master",
                "shasum": "62930cdb12babee93e56dc7796bb8d4bafa94232"
            },
            "require": {
                "php": ">=5.3.3",
                "zendframework/zend-config": ">=2.0.0",
                "zendframework/zend-http": ">=2.0.0",
                "zendframework/zend-json": ">=2.0.0"
            },
            "require-dev": {
                "phpunit/phpunit": "3.7.*"
            },
            "type": "library",
            "extra": {
                "branch-alias": {
                    "dev-master": "2.0.x-dev"
                }
            },
            "autoload": {
                "psr-0": {
                    "ZendService\\ReCaptcha\\": "library/"
                }
            },
            "license": [
                "BSD-3-Clause"
            ],
            "description": "OOP wrapper for the ReCaptcha web service",
            "homepage": "http://packages.zendframework.com/",
            "keywords": [
                "recaptcha",
                "zf2"
            ],
            "support": {
                "source": "https://github.com/zendframework/ZendService_ReCaptcha/tree/master",
                "issues": "https://github.com/zendframework/ZendService_ReCaptcha/issues"
            },
            "time": "2012-12-11 22:09:14"
        },
        {
            "name": "zf-commons/zfc-base",
            "version": "v0.1.2",
            "source": {
                "type": "git",
                "url": "https://github.com/ZF-Commons/ZfcBase.git",
                "reference": "v0.1.2"
            },
            "dist": {
                "type": "zip",
                "url": "https://api.github.com/repos/ZF-Commons/ZfcBase/zipball/v0.1.2",
                "reference": "v0.1.2",
                "shasum": ""
            },
            "require": {
                "php": ">=5.3.3",
                "zendframework/zend-db": ">=2.1,<3.0",
                "zendframework/zend-eventmanager": ">=2.1,<3.0",
                "zendframework/zend-loader": ">=2.1,<3.0",
                "zendframework/zend-modulemanager": ">=2.1,<3.0",
                "zendframework/zend-mvc": ">=2.1,<3.0",
                "zendframework/zend-servicemanager": ">=2.1,<3.0",
                "zendframework/zend-stdlib": ">=2.1,<3.0"
            },
            "type": "library",
            "autoload": {
                "psr-0": {
                    "ZfcBase": "src/"
                },
                "classmap": [
                    "./Module.php"
                ]
            },
            "notification-url": "https://packagist.org/downloads/",
            "authors": [
                {
                    "name": "Kyle Spraggs",
                    "email": "theman@spiffyjr.me",
                    "homepage": "http://www.spiffyjr.me/"
                },
                {
                    "name": "Evan Coury",
                    "email": "me@evancoury.com",
                    "homepage": "http://blog.evan.pro/"
                }
            ],
            "description": "A set of genetic (abstract) classes which are commonly used across multiple modules.",
            "homepage": "https://github.com/ZF-Commons/ZfcBase",
            "keywords": [
                "zf2"
            ],
            "time": "2013-05-02 12:33:49"
        },
        {
            "name": "zf-commons/zfc-user",
            "version": "0.1.2",
            "source": {
                "type": "git",
                "url": "https://github.com/ZF-Commons/ZfcUser.git",
                "reference": "0.1.2"
            },
            "dist": {
                "type": "zip",
                "url": "https://api.github.com/repos/ZF-Commons/ZfcUser/zipball/0.1.2",
                "reference": "0.1.2",
                "shasum": ""
            },
            "require": {
                "php": ">=5.3.3",
                "zendframework/zend-authentication": ">=2.1,<3.0",
                "zendframework/zend-crypt": ">=2.1,<3.0",
                "zendframework/zend-form": ">=2.1,<3.0",
                "zendframework/zend-inputfilter": ">=2.1,<3.0",
                "zendframework/zend-loader": ">=2.1,<3.0",
                "zendframework/zend-modulemanager": ">=2.1,<3.0",
                "zendframework/zend-mvc": ">=2.1,<3.0",
                "zendframework/zend-servicemanager": ">=2.1,<3.0",
                "zendframework/zend-stdlib": ">=2.1,<3.0",
                "zendframework/zend-validator": ">=2.1,<3.0",
                "zendframework/zend-view": ">=2.1,<3.0",
                "zf-commons/zfc-base": "0.*"
            },
            "suggest": {
                "zendframework/zend-session": "To use the default authentication adapter."
            },
            "type": "library",
            "autoload": {
                "psr-0": {
                    "ZfcUser": "src/"
                },
                "classmap": [
                    "./Module.php"
                ]
            },
            "notification-url": "https://packagist.org/downloads/",
            "authors": [
                {
                    "name": "Kyle Spraggs",
                    "email": "theman@spiffyjr.me",
                    "homepage": "http://www.spiffyjr.me/"
                },
                {
                    "name": "Evan Coury",
                    "email": "me@evancoury.com",
                    "homepage": "http://blog.evan.pro/"
                }
            ],
            "description": "A generic user registration and authentication module for ZF2. Supports Zend\\Db and Doctrine2.",
            "homepage": "https://github.com/ZF-Commons/ZfcUser",
            "keywords": [
                "zf2"
            ],
            "time": "2013-05-02 12:33:31"
        }
    ],
    "packages-dev": [

    ],
    "aliases": [
        {
            "alias": "dev-master",
            "alias_normalized": "9999999-dev",
            "version": "dev-hotfix/session-key-test",
            "package": "hybridauth/hybridauth"
        }
    ],
    "minimum-stability": "dev",
    "stability-flags": {
        "phly/phly-blog": 20,
        "phly/phly-contact": 20,
        "phly/phly-simple-page": 20,
        "socalnick/scn-social-auth": 20,
        "hybridauth/hybridauth": 20
    },
    "platform": [

    ],
    "platform-dev": [

    ]
}
